
Microsoft Visual Studio Solution File, Format Version 12.00
# Visual Studio Version 16
VisualStudioVersion = 16.0.29709.97
MinimumVisualStudioVersion = 10.0.40219.1
Project("{9A19103F-16F7-4668-BE54-9A1E7A4F7556}") = "ASP.NETCoreDemo", "ASP.NETCoreDemo.csproj", "{04D3F1B8-A0ED-4144-B9CD-C2CADE484728}"
EndProject
Global
	GlobalSection(SolutionConfigurationPlatforms) = preSolution
		Debug|Any CPU = Debug|Any CPU
		Release|Any CPU = Release|Any CPU
	EndGlobalSection
	GlobalSection(ProjectConfigurationPlatforms) = postSolution
		{04D3F1B8-A0ED-4144-B9CD-C2CADE484728}.Debug|Any CPU.ActiveCfg = Debug|Any CPU
		{04D3F1B8-A0ED-4144-B9CD-C2CADE484728}.Debug|Any CPU.Build.0 = Debug|Any CPU
		{04D3F1B8-A0ED-4144-B9CD-C2CADE484728}.Release|Any CPU.ActiveCfg = Release|Any CPU
		{04D3F1B8-A0ED-4144-B9CD-C2CADE484728}.Release|Any CPU.Build.0 = Release|Any CPU
	EndGlobalSection
	GlobalSection(SolutionProperties) = preSolution
		HideSolutionNode = FALSE
	EndGlobalSection
	GlobalSection(ExtensibilityGlobals) = postSolution
		SolutionGuid = {CF2D12A1-AF6E-4439-86CA-4B5823AD2629}
	EndGlobalSection
EndGlobal
